# This file was autogenerated by Stack.
# You should not edit this file by hand.
# For more information, please see the documentation at:
#   https://docs.haskellstack.org/en/stable/lock_files

packages:
- completed:
    name: aeson-typescript
    version: 0.4.0.0
    git: https://github.com/codedownio/aeson-typescript.git
    pantry-tree:
      size: 3566
      sha256: 25ea8a635bf33bbdcbef302c977e84486be33ab3df0c8de344c13d58a283f2ae
    commit: 305cd581fce927ec3a5792ee2cf8b0e7208d901e
  original:
    git: https://github.com/codedownio/aeson-typescript.git
    commit: 305cd581fce927ec3a5792ee2cf8b0e7208d901e
snapshots:
- completed:
    size: 621914
    url: https://raw.githubusercontent.com/commercialhaskell/stackage-snapshots/master/nightly/2022/1/15.yaml
    sha256: da9648bb5bf30143b3b45c0daeb2c06ee09fa2af08d362672acf318c6eac1724
  original: nightly-2022-01-15
